{
  "lockfileVersion": 1,
  "configVersion": 0,
  "workspaces": {
    "": {
      "name": "passphrase-encrypter",
      "dependencies": {
        "@vueuse/integrations": "^9.1.0",
        "crypto-js": "^4.1.1",
        "html2canvas": "^1.4.1",
        "qrcode": "^1.5.1",
        "revue-components": "^1.3.24",
        "sass": "^1.54.4",
        "vite-plugin-qrcode": "^0.2.0",
        "vue": "^3.2.37",
        "vue-router": "^4.1.3",
      },
      "devDependencies": {
        "@types/crypto-js": "^4.1.1",
        "@types/node": "^18.7.1",
        "@types/qrcode": "^1.4.2",
        "@types/tailwindcss": "^3.1.0",
        "@vitejs/plugin-vue": "^3.0.1",
        "@vue/compiler-sfc": "^3.2.37",
        "autoprefixer": "^10.4.8",
        "esbuild": "^0.15.2",
        "postcss": "^8.4.16",
        "prettier": "^2.7.1",
        "tailwindcss": "^3.1.8",
        "typescript": "^4.7.4",
        "vite": "^3.0.5",
        "vite-plugin-ejs": "^1.5.0",
        "vue-tsc": "^0.40.1",
      },
    },
  },
  "packages": {
    "@babel/parser": ["@babel/parser@7.16.12", "", { "bin": "./bin/babel-parser.js" }, "sha512-VfaV15po8RiZssrkPweyvbGVSe4x2y+aciFCgn0n0/SJMR22cwofRV1mtnJQYcSB1wUTaA/X1LnA3es66MCO5A=="],

    "@esbuild/linux-loong64": ["@esbuild/linux-loong64@0.15.2", "", { "os": "linux", "cpu": "none" }, "sha512-lcfRxKY3CIBFop9slpNu04+fGro1S0QN5n+HrbOwR6eHHdYeidvMtSVK4vbbYmEMwQr3MFAt2yU6bhwl4dqL/A=="],

    "@nodelib/fs.scandir": ["@nodelib/fs.scandir@2.1.4", "", { "dependencies": { "@nodelib/fs.stat": "2.0.4", "run-parallel": "^1.1.9" } }, "sha512-33g3pMJk3bg5nXbL/+CY6I2eJDzZAni49PfJnL5fghPTggPvBd/pFNSgJsdAgWptuFu7qq/ERvOYFlhvsLTCKA=="],

    "@nodelib/fs.stat": ["@nodelib/fs.stat@2.0.4", "", {}, "sha512-IYlHJA0clt2+Vg7bccq+TzRdJvv19c2INqBSsoOLp1je7xjtr7J26+WXR72MCdvU9q1qTzIWDfhMf+DRvQJK4Q=="],

    "@nodelib/fs.walk": ["@nodelib/fs.walk@1.2.6", "", { "dependencies": { "@nodelib/fs.scandir": "2.1.4", "fastq": "^1.6.0" } }, "sha512-8Broas6vTtW4GIXTAHDoE32hnN2M5ykgCpWGbuXHQ15vEMqr23pB76e/GZcYsZCHALv50ktd24qhEyKr6wBtow=="],

    "@types/crypto-js": ["@types/crypto-js@4.1.1", "", {}, "sha512-BG7fQKZ689HIoc5h+6D2Dgq1fABRa0RbBWKBd9SP/MVRVXROflpm5fhwyATX5duFmbStzyzyycPB8qUYKDH3NA=="],

    "@types/node": ["@types/node@18.7.1", "", {}, "sha512-GKX1Qnqxo4S+Z/+Z8KKPLpH282LD7jLHWJcVryOflnsnH+BtSDfieR6ObwBMwpnNws0bUK8GI7z0unQf9bARNQ=="],

    "@types/qrcode": ["@types/qrcode@1.4.2", "", { "dependencies": { "@types/node": "*" } }, "sha512-7uNT9L4WQTNJejHTSTdaJhfBSCN73xtXaHFyBJ8TSwiLhe4PRuTue7Iph0s2nG9R/ifUaSnGhLUOZavlBEqDWQ=="],

    "@types/tailwindcss": ["@types/tailwindcss@3.1.0", "", { "dependencies": { "tailwindcss": "*" } }, "sha512-JxPzrm609hzvF4nmOI3StLjbBEP3WWQxDDJESqR1nh94h7gyyy3XSl0hn5RBMJ9mPudlLjtaXs5YEBtLw7CnPA=="],

    "@types/web-bluetooth": ["@types/web-bluetooth@0.0.15", "", {}, "sha512-w7hEHXnPMEZ+4nGKl/KDRVpxkwYxYExuHOYXyzIzCDzEZ9ZCGMAewulr9IqJu2LR4N37fcnb1XVeuZ09qgOxhA=="],

    "@vitejs/plugin-vue": ["@vitejs/plugin-vue@3.0.1", "", {}, "sha512-Ll9JgxG7ONIz/XZv3dssfoMUDu9qAnlJ+km+pBA0teYSXzwPCIzS/e1bmwNYl5dcQGs677D21amgfYAnzMl17A=="],

    "@volar/code-gen": ["@volar/code-gen@0.40.1", "", { "dependencies": { "@volar/source-map": "0.40.1" } }, "sha512-mN1jn08wRKLoUj+KThltyWfsiEGt6Um1yT6S7bkruwV76yiLlzIR4WZgWng254byGMozJ00qgkZmBhraD5b48A=="],

    "@volar/source-map": ["@volar/source-map@0.40.1", "", {}, "sha512-ORYg5W+R4iT2k/k2U4ASkKvDxabIzKtP+lXZ1CcqFIbTF81GOooAv5tJZImf8ifhUV9p8bgGaitFj/VnNzkdYg=="],

    "@volar/typescript-faster": ["@volar/typescript-faster@0.40.1", "", { "dependencies": { "semver": "^7.3.7" } }, "sha512-UiX8OzVRJtpudGfTY2KgB5m78DIA8oVbwI4QN5i4Ot8oURQPOviH7MahikHeeXidbh3iOy/u4vceMb+mfdizpQ=="],

    "@volar/vue-language-core": ["@volar/vue-language-core@0.40.1", "", { "dependencies": { "@volar/code-gen": "0.40.1", "@volar/source-map": "0.40.1", "@vue/compiler-core": "^3.2.37", "@vue/compiler-dom": "^3.2.37", "@vue/compiler-sfc": "^3.2.37", "@vue/reactivity": "^3.2.37", "@vue/shared": "^3.2.37" } }, "sha512-RBU2nQkj+asKZ/ht3sU3hTau+dGuTjJrQS3nNSw4+vnwUJnN/WogO/MmgKdrvVf3pUdLiucIog1E/Us1C8Y5wg=="],

    "@volar/vue-typescript": ["@volar/vue-typescript@0.40.1", "", { "dependencies": { "@volar/code-gen": "0.40.1", "@volar/typescript-faster": "0.40.1", "@volar/vue-language-core": "0.40.1" } }, "sha512-58nW/Xwy7VBkeIPmbyEmi/j1Ta2HxGl/5aFiEEpWxoas7vI1AM+txz8+MhWho4ZMw0w0eCqPtGgugD2rr+/v7w=="],

    "@vue/compiler-core": ["@vue/compiler-core@3.2.37", "", { "dependencies": { "@babel/parser": "^7.16.4", "@vue/shared": "3.2.37", "estree-walker": "^2.0.2", "source-map": "^0.6.1" } }, "sha512-81KhEjo7YAOh0vQJoSmAD68wLfYqJvoiD4ulyedzF+OEk/bk6/hx3fTNVfuzugIIaTrOx4PGx6pAiBRe5e9Zmg=="],

    "@vue/compiler-dom": ["@vue/compiler-dom@3.2.37", "", { "dependencies": { "@vue/compiler-core": "3.2.37", "@vue/shared": "3.2.37" } }, "sha512-yxJLH167fucHKxaqXpYk7x8z7mMEnXOw3G2q62FTkmsvNxu4FQSu5+3UMb+L7fjKa26DEzhrmCxAgFLLIzVfqQ=="],

    "@vue/compiler-sfc": ["@vue/compiler-sfc@3.2.37", "", { "dependencies": { "@babel/parser": "^7.16.4", "@vue/compiler-core": "3.2.37", "@vue/compiler-dom": "3.2.37", "@vue/compiler-ssr": "3.2.37", "@vue/reactivity-transform": "3.2.37", "@vue/shared": "3.2.37", "estree-walker": "^2.0.2", "magic-string": "^0.25.7", "postcss": "^8.1.10", "source-map": "^0.6.1" } }, "sha512-+7i/2+9LYlpqDv+KTtWhOZH+pa8/HnX/905MdVmAcI/mPQOBwkHHIzrsEsucyOIZQYMkXUiTkmZq5am/NyXKkg=="],

    "@vue/compiler-ssr": ["@vue/compiler-ssr@3.2.37", "", { "dependencies": { "@vue/compiler-dom": "3.2.37", "@vue/shared": "3.2.37" } }, "sha512-7mQJD7HdXxQjktmsWp/J67lThEIcxLemz1Vb5I6rYJHR5vI+lON3nPGOH3ubmbvYGt8xEUaAr1j7/tIFWiEOqw=="],

    "@vue/devtools-api": ["@vue/devtools-api@6.2.1", "", {}, "sha512-OEgAMeQXvCoJ+1x8WyQuVZzFo0wcyCmUR3baRVLmKBo1LmYZWMlRiXlux5jd0fqVJu6PfDbOrZItVqUEzLobeQ=="],

    "@vue/reactivity": ["@vue/reactivity@3.2.37", "", { "dependencies": { "@vue/shared": "3.2.37" } }, "sha512-/7WRafBOshOc6m3F7plwzPeCu/RCVv9uMpOwa/5PiY1Zz+WLVRWiy0MYKwmg19KBdGtFWsmZ4cD+LOdVPcs52A=="],

    "@vue/reactivity-transform": ["@vue/reactivity-transform@3.2.37", "", { "dependencies": { "@babel/parser": "^7.16.4", "@vue/compiler-core": "3.2.37", "@vue/shared": "3.2.37", "estree-walker": "^2.0.2", "magic-string": "^0.25.7" } }, "sha512-IWopkKEb+8qpu/1eMKVeXrK0NLw9HicGviJzhJDEyfxTR9e1WtpnnbYkJWurX6WwoFP0sz10xQg8yL8lgskAZg=="],

    "@vue/runtime-core": ["@vue/runtime-core@3.2.37", "", { "dependencies": { "@vue/reactivity": "3.2.37", "@vue/shared": "3.2.37" } }, "sha512-JPcd9kFyEdXLl/i0ClS7lwgcs0QpUAWj+SKX2ZC3ANKi1U4DOtiEr6cRqFXsPwY5u1L9fAjkinIdB8Rz3FoYNQ=="],

    "@vue/runtime-dom": ["@vue/runtime-dom@3.2.37", "", { "dependencies": { "@vue/runtime-core": "3.2.37", "@vue/shared": "3.2.37", "csstype": "^2.6.8" } }, "sha512-HimKdh9BepShW6YozwRKAYjYQWg9mQn63RGEiSswMbW+ssIht1MILYlVGkAGGQbkhSh31PCdoUcfiu4apXJoPw=="],

    "@vue/server-renderer": ["@vue/server-renderer@3.2.37", "", { "dependencies": { "@vue/compiler-ssr": "3.2.37", "@vue/shared": "3.2.37" } }, "sha512-kLITEJvaYgZQ2h47hIzPh2K3jG8c1zCVbp/o/bzQOyvzaKiCquKS7AaioPI28GNxIsE/zSx+EwWYsNxDCX95MA=="],

    "@vue/shared": ["@vue/shared@3.2.37", "", {}, "sha512-4rSJemR2NQIo9Klm1vabqWjD8rs/ZaJSzMxkMNeJS6lHiUjjUeYFbooN19NgFjztubEKh3WlZUeOLVdbbUWHsw=="],

    "@vueuse/core": ["@vueuse/core@9.1.0", "", { "dependencies": { "@types/web-bluetooth": "^0.0.15", "@vueuse/metadata": "9.1.0", "@vueuse/shared": "9.1.0", "vue-demi": "*" } }, "sha512-BIroqvXEqt826aE9r3K5cox1zobuPuAzdYJ36kouC2TVhlXvFKIILgFVWrpp9HZPwB3aLzasmG3K87q7TSyXZg=="],

    "@vueuse/integrations": ["@vueuse/integrations@9.1.0", "", { "dependencies": { "@vueuse/core": "9.1.0", "@vueuse/shared": "9.1.0", "vue-demi": "*" } }, "sha512-HCVlm/aNllOKLYP4cx/rFFGz4q+QlgkF6N5tS7GRYVk/HGPxKqkUBX865niRfZfo+INvqtgTmpp9o+pYXaZlDg=="],

    "@vueuse/metadata": ["@vueuse/metadata@9.1.0", "", {}, "sha512-8OEhlog1iaAGTD3LICZ8oBGQdYeMwByvXetOtAOZCJOzyCRSwqwdggTsmVZZ1rkgYIEqgUBk942AsAPwM21s6A=="],

    "@vueuse/shared": ["@vueuse/shared@9.1.0", "", { "dependencies": { "vue-demi": "*" } }, "sha512-pB/3njQu4tfJJ78ajELNda0yMG6lKfpToQW7Soe09CprF1k3QuyoNi1tBNvo75wBDJWD+LOnr+c4B5HZ39jY/Q=="],

    "acorn": ["acorn@7.4.1", "", { "bin": { "acorn": "bin/acorn" } }, "sha512-nQyp0o1/mNdbTO1PO6kHkwSrmgZ0MT/jCCpNiwbUjGoRN4dlBhqJtoQuCnEOKzgTVwg0ZWiCoQy6SxMebQVh8A=="],

    "acorn-node": ["acorn-node@1.8.2", "", { "dependencies": { "acorn": "^7.0.0", "acorn-walk": "^7.0.0", "xtend": "^4.0.2" } }, "sha512-8mt+fslDufLYntIoPAaIMUe/lrbrehIiwmR3t2k9LljIzoigEPF27eLk2hy8zSGzmR/ogr7zbRKINMo1u0yh5A=="],

    "acorn-walk": ["acorn-walk@7.2.0", "", {}, "sha512-OPdCF6GsMIP+Az+aWfAAOEt2/+iVDKE7oy6lJ098aoe59oAmK76qV6Gw60SbZ8jHuG2wH058GF4pLFbYamYrVA=="],

    "ansi-regex": ["ansi-regex@5.0.1", "", {}, "sha512-quJQXlTSUGL2LH9SUXo8VwsY4soanhgo6LNSm84E1LBcE8s3O0wpdiRzyR9z/ZZJMlMWv37qOOb9pdJlMUEKFQ=="],

    "ansi-styles": ["ansi-styles@4.3.0", "", { "dependencies": { "color-convert": "^2.0.1" } }, "sha512-zbB9rCJAT1rbjiVDb2hqKFHNYLxgtk8NURxZ3IZwD3F6NtxbXZQCnnSi1Lkx+IDohdPlFp222wVALIheZJQSEg=="],

    "anymatch": ["anymatch@3.1.2", "", { "dependencies": { "normalize-path": "^3.0.0", "picomatch": "^2.0.4" } }, "sha512-P43ePfOAIupkguHUycrc4qJ9kz8ZiuOUijaETwX7THt0Y/GNK7v0aa8rY816xWjZ7rJdA5XdMcpVFTKMq+RvWg=="],

    "arg": ["arg@5.0.2", "", {}, "sha512-PYjyFOLKQ9y57JvQ6QLo8dAgNqswh8M1RMJYdQduT6xbWSgK36P/Z/v+p888pM69jMMfS8Xd8F6I1kQ/I9HUGg=="],

    "async": ["async@3.2.4", "", {}, "sha512-iAB+JbDEGXhyIUavoDl9WP/Jj106Kz9DEn1DPgYw5ruDn0e3Wgi3sKFm55sASdGBNOQB8F59d9qQ7deqrHA8wQ=="],

    "autoprefixer": ["autoprefixer@10.4.8", "", { "dependencies": { "browserslist": "^4.21.3", "caniuse-lite": "^1.0.30001373", "fraction.js": "^4.2.0", "normalize-range": "^0.1.2", "picocolors": "^1.0.0", "postcss-value-parser": "^4.2.0" }, "bin": { "autoprefixer": "bin/autoprefixer" } }, "sha512-75Jr6Q/XpTqEf6D2ltS5uMewJIx5irCU1oBYJrWjFenq/m12WRRrz6g15L1EIoYvPLXTbEry7rDOwrcYNj77xw=="],

    "balanced-match": ["balanced-match@1.0.2", "", {}, "sha512-3oSeUO0TMV67hN1AmbXsK4yaqU7tjiHlbxRDZOpH0KW9+CeX4bRAaX0Anxt0tx2MrpRpWwQaPwIlISEJhYU5Pw=="],

    "base64-arraybuffer": ["base64-arraybuffer@1.0.2", "", {}, "sha512-I3yl4r9QB5ZRY3XuJVEPfc2XhZO6YweFPI+UovAzn+8/hb3oJ6lnysaFcjVpkCPfVWFUDvoZ8kmVDP7WyRtYtQ=="],

    "binary-extensions": ["binary-extensions@2.2.0", "", {}, "sha512-jDctJ/IVQbZoJykoeHbhXpOlNBqGNcwXJKJog42E5HDPUwQTSdjCHdihjj0DlnheQ7blbT6dHOafNAiS8ooQKA=="],

    "brace-expansion": ["brace-expansion@1.1.11", "", { "dependencies": { "balanced-match": "^1.0.0", "concat-map": "0.0.1" } }, "sha512-iCuPHDFgrHX7H2vEI/5xpz07zSHB00TpugqhmYtVmMO6518mCuRMoOYFldEBl0g187ufozdaHgWKcYFb61qGiA=="],

    "braces": ["braces@3.0.2", "", { "dependencies": { "fill-range": "^7.0.1" } }, "sha512-b8um+L1RzM3WDSzvhm6gIz1yfTbBt6YTlcEKAvsmqCZZFw46z626lVj9j1yEPW33H5H+lBQpZMP1k8l+78Ha0A=="],

    "browserslist": ["browserslist@4.21.3", "", { "dependencies": { "caniuse-lite": "^1.0.30001370", "electron-to-chromium": "^1.4.202", "node-releases": "^2.0.6", "update-browserslist-db": "^1.0.5" }, "bin": { "browserslist": "cli.js" } }, "sha512-898rgRXLAyRkM1GryrrBHGkqA5hlpkV5MhtZwg9QXeiyLUYs2k00Un05aX5l2/yJIOObYKOpS2JNo8nJDE7fWQ=="],

    "camelcase": ["camelcase@5.3.1", "", {}, "sha512-L28STB170nwWS63UjtlEOE3dldQApaJXZkOI1uMFfzf3rRuPegHaHesyee+YxQ+W6SvRDQV6UrdOdRiR153wJg=="],

    "camelcase-css": ["camelcase-css@2.0.1", "", {}, "sha512-QOSvevhslijgYwRx6Rv7zKdMF8lbRmx+uQGx2+vDc+KI/eBnsy9kit5aj23AgGu3pa4t9AgwbnXWqS+iOY+2aA=="],

    "caniuse-lite": ["caniuse-lite@1.0.30001375", "", {}, "sha512-kWIMkNzLYxSvnjy0hL8w1NOaWNr2rn39RTAVyIwcw8juu60bZDWiF1/loOYANzjtJmy6qPgNmn38ro5Pygagdw=="],

    "chalk": ["chalk@4.1.2", "", { "dependencies": { "ansi-styles": "^4.1.0", "supports-color": "^7.1.0" } }, "sha512-oKnbhFyRIXpUuez8iBMmyEa4nbj4IOQyuhc/wy9kY7/WVPcwIO9VA668Pu8RkO7+0G76SLROeyw9CpQ061i4mA=="],

    "chokidar": ["chokidar@3.5.3", "", { "dependencies": { "anymatch": "~3.1.2", "braces": "~3.0.2", "glob-parent": "~5.1.2", "is-binary-path": "~2.1.0", "is-glob": "~4.0.1", "normalize-path": "~3.0.0", "readdirp": "~3.6.0" }, "optionalDependencies": { "fsevents": "~2.3.2" } }, "sha512-Dr3sfKRP6oTcjf2JmUmFJfeVMvXBdegxB0iVQ5eb2V10uFJUCAS8OByZdVAyVb8xXNz3GjjTgj9kLWsZTqE6kw=="],

    "cliui": ["cliui@6.0.0", "", { "dependencies": { "string-width": "^4.2.0", "strip-ansi": "^6.0.0", "wrap-ansi": "^6.2.0" } }, "sha512-t6wbgtoCXvAzst7QgXxJYqPt0usEfbgQdftEPbLL/cvv6HPE5VgvqCuAIDR0NgU52ds6rFwqrgakNLrHEjCbrQ=="],

    "color-convert": ["color-convert@2.0.1", "", { "dependencies": { "color-name": "~1.1.4" } }, "sha512-RRECPsj7iu/xb5oKYcsFHSppFNnsj/52OVTRKb4zP5onXwVF3zVmmToNcOfGC+CRDpfK/U584fMg38ZHCaElKQ=="],

    "color-name": ["color-name@1.1.4", "", {}, "sha512-dOy+3AuW3a2wNbZHIuMZpTcgjGuLU/uBL/ubcZF9OXbDo8ff4O8yVp5Bf0efS8uEoYo5q4Fx7dY9OgQGXgAsQA=="],

    "colorette": ["colorette@1.2.2", "", {}, "sha512-MKGMzyfeuutC/ZJ1cba9NqcNpfeqMUcYmyF1ZFY6/Cn7CNSAKx6a+s48sqLqyAiZuaP2TcqMhoo+dlwFnVxT9w=="],

    "concat-map": ["concat-map@0.0.1", "", {}, "sha1-2Klr13/Wjfd5OnMDajug1UBdR3s="],

    "crypto-js": ["crypto-js@4.1.1", "", {}, "sha512-o2JlM7ydqd3Qk9CA0L4NL6mTzU2sdx96a+oOfPu8Mkl/PK51vSyoi8/rQ8NknZtk44vq15lmhAj9CIAGwgeWKw=="],

    "css-line-break": ["css-line-break@2.1.0", "", { "dependencies": { "utrie": "^1.0.2" } }, "sha512-FHcKFCZcAha3LwfVBhCQbW2nCNbkZXn7KVUJcsT5/P8YmfsVja0FMPJr0B903j/E69HUphKiV9iQArX8SDYA4w=="],

    "cssesc": ["cssesc@3.0.0", "", { "bin": { "cssesc": "bin/cssesc" } }, "sha512-/Tb/JcjK111nNScGob5MNtsntNM1aCNUDipB/TkwZFhyDrrE47SOx/18wF2bbjgc3ZzCSKW1T5nt5EbFoAz/Vg=="],

    "csstype": ["csstype@2.6.19", "", {}, "sha512-ZVxXaNy28/k3kJg0Fou5MiYpp88j7H9hLZp8PDC3jV0WFjfH5E9xHb56L0W59cPbKbcHXeP4qyT8PrHp8t6LcQ=="],

    "decamelize": ["decamelize@1.2.0", "", {}, "sha512-z2S+W9X73hAUUki+N+9Za2lBlun89zigOyGrsax+KUQ6wKW4ZoWpEYBkGhQjwAjjDCkWxhY0VKEhk8wzY7F5cA=="],

    "defined": ["defined@1.0.0", "", {}, "sha1-yY2bzvdWdBiOEQlpFRGZ45sfppM="],

    "detective": ["detective@5.2.1", "", { "dependencies": { "acorn-node": "^1.8.2", "defined": "^1.0.0", "minimist": "^1.2.6" }, "bin": { "detective": "bin/detective.js" } }, "sha512-v9XE1zRnz1wRtgurGu0Bs8uHKFSTdteYZNbIPFVhUZ39L/S79ppMpdmVOZAnoz1jfEFodc48n6MX483Xo3t1yw=="],

    "didyoumean": ["didyoumean@1.2.2", "", {}, "sha512-gxtyfqMg7GKyhQmb056K7M3xszy/myH8w+B4RT+QXBQsvAOdc3XymqDDPHx1BgPgsdAA5SIifona89YtRATDzw=="],

    "dijkstrajs": ["dijkstrajs@1.0.2", "", {}, "sha512-QV6PMaHTCNmKSeP6QoXhVTw9snc9VD8MulTT0Bd99Pacp4SS1cjcrYPgBPmibqKVtMJJfqC6XvOXgPMEEPH/fg=="],

    "dlv": ["dlv@1.1.3", "", {}, "sha512-+HlytyjlPKnIG8XuRG8WvmBP8xs8P71y+SKKS6ZXWoEgLuePxtDoUEiH7WkdePWrQ5JBpE6aoVqfZfJUQkjXwA=="],

    "ejs": ["ejs@3.1.8", "", { "dependencies": { "jake": "^10.8.5" }, "bin": { "ejs": "bin/cli.js" } }, "sha512-/sXZeMlhS0ArkfX2Aw780gJzXSMPnKjtspYZv+f3NiKLlubezAHDU5+9xz6gd3/NhG3txQCo6xlglmTS+oTGEQ=="],

    "electron-to-chromium": ["electron-to-chromium@1.4.215", "", {}, "sha512-vqZxT8C5mlDZ//hQFhneHmOLnj1LhbzxV0+I1yqHV8SB1Oo4Y5Ne9+qQhwHl7O1s9s9cRuo2l5CoLEHdhMTwZg=="],

    "emoji-regex": ["emoji-regex@8.0.0", "", {}, "sha512-MSjYzcWNOA0ewAHpz0MxpYFvwg6yjy1NG3xteoqz644VCo/RPgnr1/GGt+ic3iJTzQ8Eu3TdM14SawnVUmGE6A=="],

    "encode-utf8": ["encode-utf8@1.0.3", "", {}, "sha512-ucAnuBEhUK4boH2HjVYG5Q2mQyPorvv0u/ocS+zhdw0S8AlHYY+GOFhP1Gio5z4icpP2ivFSvhtFjQi8+T9ppw=="],

    "esbuild": ["esbuild@0.15.2", "", { "optionalDependencies": { "@esbuild/linux-loong64": "0.15.2", "esbuild-android-64": "0.15.2", "esbuild-android-arm64": "0.15.2", "esbuild-darwin-64": "0.15.2", "esbuild-darwin-arm64": "0.15.2", "esbuild-freebsd-64": "0.15.2", "esbuild-freebsd-arm64": "0.15.2", "esbuild-linux-32": "0.15.2", "esbuild-linux-64": "0.15.2", "esbuild-linux-arm": "0.15.2", "esbuild-linux-arm64": "0.15.2", "esbuild-linux-mips64le": "0.15.2", "esbuild-linux-ppc64le": "0.15.2", "esbuild-linux-riscv64": "0.15.2", "esbuild-linux-s390x": "0.15.2", "esbuild-netbsd-64": "0.15.2", "esbuild-openbsd-64": "0.15.2", "esbuild-sunos-64": "0.15.2", "esbuild-windows-32": "0.15.2", "esbuild-windows-64": "0.15.2", "esbuild-windows-arm64": "0.15.2" }, "bin": { "esbuild": "bin/esbuild" } }, "sha512-iKfJsm2u5ATPI3x3sq/WrxISWhAZB/VpvygGG8Pr3q+xQhkIhyI737t+xUa71f50g0ioihQSGaHiQO5hbVDoSQ=="],

    "esbuild-android-64": ["esbuild-android-64@0.15.2", "", { "os": "android", "cpu": "x64" }, "sha512-lEyRmwmdkkKBpIOi0wKGheuCPECgl5/GCOQkhVpDFEj1lec3cinEk37EbD3f4PUvix1eAHtTa0UI1ga0Bznntg=="],

    "esbuild-android-arm64": ["esbuild-android-arm64@0.15.2", "", { "os": "android", "cpu": "arm64" }, "sha512-znXfd7QBNrpAVnB8ZP5Zj4a3ah5dPBPZwbn6v0f4Lub4iwwZJ1h34VWMuo2f7KZdIbl2axrei6FxlQncS8zzEw=="],

    "esbuild-darwin-64": ["esbuild-darwin-64@0.15.2", "", { "os": "darwin", "cpu": "x64" }, "sha512-keNq6K+qhEJ5kZ6L1UJGYjAnv6Kkpf2KjOjC6r0JMsX6ZAaXnA3OqqXJttEYzBKpZ+W6/T+paS4Slzk3N2bSvQ=="],

    "esbuild-darwin-arm64": ["esbuild-darwin-arm64@0.15.2", "", { "os": "darwin", "cpu": "arm64" }, "sha512-H/0vtLB/dY+TVGsAskmyuaQ7qegNVi+A4N5a+vpPHPFutzoGjcj4tf/77jZ3UsMTlN1dq+Ldala1P1pf486L8Q=="],

    "esbuild-freebsd-64": ["esbuild-freebsd-64@0.15.2", "", { "os": "freebsd", "cpu": "x64" }, "sha512-KMskcfVTisa2h/xaOwmoWEBm6CVWbKbrnEAv3sEfOF0wodjQfcPvW7HAxatMGL7AW9PIUP6UXLCCCUUnxL2yLQ=="],

    "esbuild-freebsd-arm64": ["esbuild-freebsd-arm64@0.15.2", "", { "os": "freebsd", "cpu": "arm64" }, "sha512-RJJ3c4L6XGfZeiFqphK58KL+3LfrmebMLgB9QJ0Gygmjx1F6tnLUrLwNBNXrpMT7X4bEtCvP9Gvhkt5HVTdt7g=="],

    "esbuild-linux-32": ["esbuild-linux-32@0.15.2", "", { "os": "linux", "cpu": "ia32" }, "sha512-GfCEEs+D+vBrluCUBFr3MP8/PH/fNc5xl2JbsHkwivBXlbORXf5m4Ts8vII9qPxEkLAUsoYx4Bjp+Ca0WqQ9tA=="],

    "esbuild-linux-64": ["esbuild-linux-64@0.15.2", "", { "os": "linux", "cpu": "x64" }, "sha512-F6GfpZrcTisWFrJZdx73NNVjY64iOqhxFsdmnftHZFfeLG4KyJg9hO5kd6E+Rq3udoRk41jPS+fg0+iCyq5Utg=="],

    "esbuild-linux-arm": ["esbuild-linux-arm@0.15.2", "", { "os": "linux", "cpu": "arm" }, "sha512-u2YXH9ZCuyN9KwcpKCzhgUckBgy8O07oivv3cV/Z+WnFOjXhKFc+IY0v41nFODPEzEIbozMUx8boVexvHMXHDA=="],

    "esbuild-linux-arm64": ["esbuild-linux-arm64@0.15.2", "", { "os": "linux", "cpu": "arm64" }, "sha512-CacsuBpOzU/WVWMS19iGHCrijgheCtmNb9mjlvpoxwLEVjHycc9/X+Pup6vp8dk5jRrhm/7lkY8Fbw9OxM+oug=="],

    "esbuild-linux-mips64le": ["esbuild-linux-mips64le@0.15.2", "", { "os": "linux", "cpu": "none" }, "sha512-VY8pEtXAEyPfVCP/SKPGxaiNF7b259Le0wvEPQTYMeJycAVfahBhpg/9qk2Ufd7mMVGT7G2izr86jJsvuiMVZw=="],

    "esbuild-linux-ppc64le": ["esbuild-linux-ppc64le@0.15.2", "", { "os": "linux", "cpu": "ppc64" }, "sha512-+Sma8cuiVciTU+xuqErEU4hm8k2bMivqEXPGsXFPKJAV2XrLQlkT5zuPA4FWuKpxwVLUxxuYhkq0nv4j5Dv/3Q=="],

    "esbuild-linux-riscv64": ["esbuild-linux-riscv64@0.15.2", "", { "os": "linux", "cpu": "none" }, "sha512-HkqtnuEiVq2VvqD6Wb9LEWAedbpxXkq7h3Imop6vaAQUr5z8HROfTyY349QsP9aGY3aF/NiBkX20C6vOqTex8A=="],

    "esbuild-linux-s390x": ["esbuild-linux-s390x@0.15.2", "", { "os": "linux", "cpu": "s390x" }, "sha512-nIqNFoovQRoz/YBm64xRWXT4yg5BtT2DXA8ogI8lJKy6B+mOKeOVVkvAbFU5YrvUq6AHhMuCsoa3CYFK5a4/vg=="],

    "esbuild-netbsd-64": ["esbuild-netbsd-64@0.15.2", "", { "os": "none", "cpu": "x64" }, "sha512-CY5kHo3C3+aY1VBv76lDTe/D/+4nkhA6cE8ENRezeEvWmu8pPqnIVk1cy/jLNNPBYkbZiR30z/QeZy5yWsW1kg=="],

    "esbuild-openbsd-64": ["esbuild-openbsd-64@0.15.2", "", { "os": "openbsd", "cpu": "x64" }, "sha512-fXpQW8I6Lm9gJubvW/QjR1OwQQ4tMriVhxznJJmbaX7EYHtcog6Fy+xqbl+YUBZ3dxmEBkBXd6LZaXkn10yavQ=="],

    "esbuild-sunos-64": ["esbuild-sunos-64@0.15.2", "", { "os": "sunos", "cpu": "x64" }, "sha512-8xaprqT/rxfbxljQrd2A4iASOnw46eiieghh6JgzjlrXP/6kbhN3fe8IgQclcdu6SjDPmQvNSURQ5xCeVATpbQ=="],

    "esbuild-windows-32": ["esbuild-windows-32@0.15.2", "", { "os": "win32", "cpu": "ia32" }, "sha512-lGLNGBmDQ0gZphbUfxT7n6OO1l6iOQM2xnYN90+etzTWZeI76CYLbVPCZR+kp3vzyIRAbcsS6NtM4SknHAwEww=="],

    "esbuild-windows-64": ["esbuild-windows-64@0.15.2", "", { "os": "win32", "cpu": "x64" }, "sha512-Rc6cUwOiQiGgpAxlCl8Lj3o2Ds4n3OU8UyoWpOBXmms+gXdwlKBzxjwj5FxrZJ6EveYpFqzDP07tbzOa9YpTKw=="],

    "esbuild-windows-arm64": ["esbuild-windows-arm64@0.15.2", "", { "os": "win32", "cpu": "arm64" }, "sha512-0bpQcIvd6TBIThA+nr9QsTfaU23Co5IPMlXmuNja6buDEu92b9im9ZMGV/BLF+jwKwG8/f1L/0Yfl9QzNuH4Eg=="],

    "escalade": ["escalade@3.1.1", "", {}, "sha512-k0er2gUkLf8O0zKJiAhmkTnJlTvINGv7ygDNPbeIsX/TJjGJZHuh9B2UxbsaEkmlEo9MfhrSzmhIlhRlI2GXnw=="],

    "estree-walker": ["estree-walker@2.0.2", "", {}, "sha512-Rfkk/Mp/DL7JVje3u18FxFujQlTNR2q6QfMSMB7AvCBx91NGj/ba3kCfza0f6dVDbw7YlRf/nDrn7pQrCCyQ/w=="],

    "fast-glob": ["fast-glob@3.2.11", "", { "dependencies": { "@nodelib/fs.stat": "^2.0.2", "@nodelib/fs.walk": "^1.2.3", "glob-parent": "^5.1.2", "merge2": "^1.3.0", "micromatch": "^4.0.4" } }, "sha512-xrO3+1bxSo3ZVHAnqzyuewYT6aMFHRAd4Kcs92MAonjwQZLsK9d0SF1IyQ3k5PoirxTW0Oe/RqFgMQ6TcNE5Ew=="],

    "fastq": ["fastq@1.11.0", "", { "dependencies": { "reusify": "^1.0.4" } }, "sha512-7Eczs8gIPDrVzT+EksYBcupqMyxSHXXrHOLRRxU2/DicV8789MRBRR8+Hc2uWzUupOs4YS4JzBmBxjjCVBxD/g=="],

    "filelist": ["filelist@1.0.2", "", { "dependencies": { "minimatch": "^3.0.4" } }, "sha512-z7O0IS8Plc39rTCq6i6iHxk43duYOn8uFJiWSewIq0Bww1RNybVHSCjahmcC87ZqAm4OTvFzlzeGu3XAzG1ctQ=="],

    "fill-range": ["fill-range@7.0.1", "", { "dependencies": { "to-regex-range": "^5.0.1" } }, "sha512-qOo9F+dMUmC2Lcb4BbVvnKJxTPjCm+RRpe4gDuGrzkL7mEVl/djYSu2OdQ2Pa302N4oqkSg9ir6jaLWJ2USVpQ=="],

    "find-up": ["find-up@4.1.0", "", { "dependencies": { "locate-path": "^5.0.0", "path-exists": "^4.0.0" } }, "sha512-PpOwAdQ/YlXQ2vj8a3h8IipDuYRi3wceVQQGYWxNINccq40Anw7BlsEXCMbt1Zt+OLA6Fq9suIpIWD0OsnISlw=="],

    "fraction.js": ["fraction.js@4.2.0", "", {}, "sha512-MhLuK+2gUcnZe8ZHlaaINnQLl0xRIGRfcGk2yl8xoQAfHrSsL3rYu6FCmBdkdbhc9EPlwyGHewaRsvwRMJtAlA=="],

    "fsevents": ["fsevents@2.3.2", "", { "os": "darwin" }, "sha512-xiqMQR4xAeHTuB9uWm+fFRcIOgKBMiOBP+eXiyT7jsgVCq1bkVygt00oASowB7EdtpOHaaPgKt812P9ab+DDKA=="],

    "function-bind": ["function-bind@1.1.1", "", {}, "sha512-yIovAzMX49sF8Yl58fSCWJ5svSLuaibPxXQJFLmBObTuCr0Mf1KiPopGM9NiFjiYBCbfaa2Fh6breQ6ANVTI0A=="],

    "get-caller-file": ["get-caller-file@2.0.5", "", {}, "sha512-DyFP3BM/3YHTQOCUL/w0OZHR0lpKeGrxotcHWcqNEdnltqFwXVfhEBQ94eIo34AfQpo0rGki4cyIiftY06h2Fg=="],

    "glob-parent": ["glob-parent@6.0.2", "", { "dependencies": { "is-glob": "^4.0.3" } }, "sha512-XxwI8EOhVQgWp6iDL+3b0r86f4d6AX6zSU55HfB4ydCEuXLXc5FcYeOu+nnGftS4TEju/11rt4KJPTMgbfmv4A=="],

    "has": ["has@1.0.3", "", { "dependencies": { "function-bind": "^1.1.1" } }, "sha512-f2dvO0VU6Oej7RkWJGrehjbzMAjFp5/VKPp5tTpWIV4JHHZK1/BxbFRtf/siA2SWTe09caDmVtYYzWEIbBS4zw=="],

    "has-flag": ["has-flag@4.0.0", "", {}, "sha512-EykJT/Q1KjTWctppgIAgfSO0tKVuZUjhgMr17kqTumMl6Afv3EISleU7qZUzoXDFTAHTDC4NOoG/ZxU3EvlMPQ=="],

    "html2canvas": ["html2canvas@1.4.1", "", { "dependencies": { "css-line-break": "^2.1.0", "text-segmentation": "^1.0.3" } }, "sha512-fPU6BHNpsyIhr8yyMpTLLxAbkaK8ArIBcmZIRiBLiDhjeqvXolaEmDGmELFuX9I4xDcaKKcJl+TKZLqruBbmWA=="],

    "immutable": ["immutable@4.1.0", "", {}, "sha512-oNkuqVTA8jqG1Q6c+UglTOD1xhC1BtjKI7XkCXRkZHrN5m18/XsnUp8Q89GkQO/z+0WjonSvl0FLhDYftp46nQ=="],

    "is-binary-path": ["is-binary-path@2.1.0", "", { "dependencies": { "binary-extensions": "^2.0.0" } }, "sha512-ZMERYes6pDydyuGidse7OsHxtbI7WVeUEozgR/g7rd0xUimYNlvZRE/K2MgZTjWy725IfelLeVcEM97mmtRGXw=="],

    "is-core-module": ["is-core-module@2.10.0", "", { "dependencies": { "has": "^1.0.3" } }, "sha512-Erxj2n/LDAZ7H8WNJXd9tw38GYM3dv8rk8Zcs+jJuxYTW7sozH+SS8NtrSjVL1/vpLvWi1hxy96IzjJ3EHTJJg=="],

    "is-extglob": ["is-extglob@2.1.1", "", {}, "sha1-qIwCU1eR8C7TfHahueqXc8gz+MI="],

    "is-fullwidth-code-point": ["is-fullwidth-code-point@3.0.0", "", {}, "sha512-zymm5+u+sCsSWyD9qNaejV3DFvhCKclKdizYaJUuHA83RLjb7nSuGnddCHGv0hk+KY7BMAlsWeK4Ueg6EV6XQg=="],

    "is-glob": ["is-glob@4.0.3", "", { "dependencies": { "is-extglob": "^2.1.1" } }, "sha512-xelSayHH36ZgE7ZWhli7pW34hNbNl8Ojv5KVmkJD4hBdD3th8Tfk9vYasLM+mXWOZhFkgZfxhLSnrwRr4elSSg=="],

    "is-number": ["is-number@7.0.0", "", {}, "sha512-41Cifkg6e8TylSpdtTpeLVMqvSBEVzTttHvERD741+pnZ8ANv0004MRL43QKPDlK9cGvNp6NZWZUBlbGXYxxng=="],

    "jake": ["jake@10.8.5", "", { "dependencies": { "async": "^3.2.3", "chalk": "^4.0.2", "filelist": "^1.0.1", "minimatch": "^3.0.4" }, "bin": { "jake": "./bin/cli.js" } }, "sha512-sVpxYeuAhWt0OTWITwT98oyV0GsXyMlXCF+3L1SuafBVUIr/uILGRB+NqwkzhgXKvoJpDIpQvqkUALgdmQsQxw=="],

    "lilconfig": ["lilconfig@2.0.6", "", {}, "sha512-9JROoBW7pobfsx+Sq2JsASvCo6Pfo6WWoUW79HuB1BCoBXD4PLWJPqDF6fNj67pqBYTbAHkE57M1kS/+L1neOg=="],

    "locate-path": ["locate-path@5.0.0", "", { "dependencies": { "p-locate": "^4.1.0" } }, "sha512-t7hw9pI+WvuwNJXwk5zVHpyhIqzg2qTlklJOf0mVxGSbe3Fp2VieZcduNYjaLDoy6p9uGpQEGWG87WpMKlNq8g=="],

    "lru-cache": ["lru-cache@6.0.0", "", { "dependencies": { "yallist": "^4.0.0" } }, "sha512-Jo6dJ04CmSjuznwJSS3pUeWmd/H0ffTlkXXgwZi+eq1UCmqQwCh+eLsYOYCwY991i2Fah4h1BEMCx4qThGbsiA=="],

    "magic-string": ["magic-string@0.25.7", "", { "dependencies": { "sourcemap-codec": "^1.4.4" } }, "sha512-4CrMT5DOHTDk4HYDlzmwu4FVCcIYI8gauveasrdCu2IKIFOJ3f0v/8MDGJCDL9oD2ppz/Av1b0Nj345H9M+XIA=="],

    "merge2": ["merge2@1.4.1", "", {}, "sha512-8q7VEgMJW4J8tcfVPy8g09NcQwZdbwFEqhe/WZkoIzjn/3TGDwtOCYtXGxA3O8tPzpczCCDgv+P2P5y00ZJOOg=="],

    "micromatch": ["micromatch@4.0.4", "", { "dependencies": { "braces": "^3.0.1", "picomatch": "^2.2.3" } }, "sha512-pRmzw/XUcwXGpD9aI9q/0XOwLNygjETJ8y0ao0wdqprrzDa4YnxLcz7fQRZr8voh8V10kGhABbNcHVk5wHgWwg=="],

    "minimatch": ["minimatch@3.0.4", "", { "dependencies": { "brace-expansion": "^1.1.7" } }, "sha512-yJHVQEhyqPLUTgt9B83PXu6W3rx4MvvHvSUvToogpwoGDOUQ+yDrR0HRot+yOCdCO7u4hX3pWft6kWBBcqh0UA=="],

    "minimist": ["minimist@1.2.6", "", {}, "sha512-Jsjnk4bw3YJqYzbdyBiNsPWHPfO++UGG749Cxs6peCu5Xg4nrena6OVxOYxrQTqww0Jmwt+Ref8rggumkTLz9Q=="],

    "nanoid": ["nanoid@3.3.4", "", { "bin": { "nanoid": "bin/nanoid.cjs" } }, "sha512-MqBkQh/OHTS2egovRtLk45wEyNXwF+cokD+1YPf9u5VfJiRdAiRwB2froX5Co9Rh20xs4siNPm8naNotSD6RBw=="],

    "node-releases": ["node-releases@2.0.6", "", {}, "sha512-PiVXnNuFm5+iYkLBNeq5211hvO38y63T0i2KKh2KnUs3RpzJ+JtODFjkD8yjLwnDkTYF1eKXheUwdssR+NRZdg=="],

    "normalize-path": ["normalize-path@3.0.0", "", {}, "sha512-6eZs5Ls3WtCisHWp9S2GUy8dqkpGi4BVSz3GaqiE6ezub0512ESztXUwUB6C6IKbQkY2Pnb/mD4WYojCRwcwLA=="],

    "normalize-range": ["normalize-range@0.1.2", "", {}, "sha1-LRDAa9/TEuqXd2laTShDlFa3WUI="],

    "object-hash": ["object-hash@3.0.0", "", {}, "sha512-RSn9F68PjH9HqtltsSnqYC1XXoWe9Bju5+213R98cNGttag9q9yAOTzdbsqvIa7aNm5WffBZFpWYr2aWrklWAw=="],

    "p-limit": ["p-limit@2.3.0", "", { "dependencies": { "p-try": "^2.0.0" } }, "sha512-//88mFWSJx8lxCzwdAABTJL2MyWB12+eIY7MDL2SqLmAkeKU9qxRvWuSyTjm3FUmpBEMuFfckAIqEaVGUDxb6w=="],

    "p-locate": ["p-locate@4.1.0", "", { "dependencies": { "p-limit": "^2.2.0" } }, "sha512-R79ZZ/0wAxKGu3oYMlz8jy/kbhsNrS7SKZ7PxEHBgJ5+F2mtFW2fK2cOtBh1cHYkQsbzFV7I+EoRKe6Yt0oK7A=="],

    "p-try": ["p-try@2.2.0", "", {}, "sha512-R4nPAVTAU0B9D35/Gk3uJf/7XYbQcyohSKdvAxIRSNghFl4e71hVoGnBNQz9cWaXxO2I10KTC+3jMdvvoKw6dQ=="],

    "path-exists": ["path-exists@4.0.0", "", {}, "sha512-ak9Qy5Q7jYb2Wwcey5Fpvg2KoAc/ZIhLSLOSBmRmygPsGwkVVt0fZa0qrtMz+m6tJTAHfZQ8FnmB4MG4LWy7/w=="],

    "path-parse": ["path-parse@1.0.7", "", {}, "sha512-LDJzPVEEEPR+y48z93A0Ed0yXb8pAByGWo/k5YYdYgpY2/2EsOsksJrq7lOHxryrVOn1ejG6oAp8ahvOIQD8sw=="],

    "picocolors": ["picocolors@1.0.0", "", {}, "sha512-1fygroTLlHu66zi26VoTDv8yRgm0Fccecssto+MhsZ0D/DGW2sm8E8AjW7NU5VVTRt5GxbeZ5qBuJr+HyLYkjQ=="],

    "picomatch": ["picomatch@2.2.3", "", {}, "sha512-KpELjfwcCDUb9PeigTs2mBJzXUPzAuP2oPcA989He8Rte0+YUAjw1JVedDhuTKPkHjSYzMN3npC9luThGYEKdg=="],

    "pify": ["pify@2.3.0", "", {}, "sha512-udgsAY+fTnvv7kI7aaxbqwWNb0AHiB0qBO89PZKPkoTmGOgdbrHDKD+0B2X4uTfJ/FT1R09r9gTsjUjNJotuog=="],

    "pngjs": ["pngjs@5.0.0", "", {}, "sha512-40QW5YalBNfQo5yRYmiw7Yz6TKKVr3h6970B2YE+3fQpsWcrbj1PzJgxeJ19DRQjhMbKPIuMY8rFaXc8moolVw=="],

    "postcss": ["postcss@8.4.16", "", { "dependencies": { "nanoid": "^3.3.4", "picocolors": "^1.0.0", "source-map-js": "^1.0.2" } }, "sha512-ipHE1XBvKzm5xI7hiHCZJCSugxvsdq2mPnsq5+UF+VHCjiBvtDrlxJfMBToWaP9D5XlgNmcFGqoHmUn0EYEaRQ=="],

    "postcss-import": ["postcss-import@14.1.0", "", { "dependencies": { "postcss-value-parser": "^4.0.0", "read-cache": "^1.0.0", "resolve": "^1.1.7" } }, "sha512-flwI+Vgm4SElObFVPpTIT7SU7R3qk2L7PyduMcokiaVKuWv9d/U+Gm/QAd8NDLuykTWTkcrjOeD2Pp1rMeBTGw=="],

    "postcss-js": ["postcss-js@4.0.0", "", { "dependencies": { "camelcase-css": "^2.0.1" } }, "sha512-77QESFBwgX4irogGVPgQ5s07vLvFqWr228qZY+w6lW599cRlK/HmnlivnnVUxkjHnCu4J16PDMHcH+e+2HbvTQ=="],

    "postcss-load-config": ["postcss-load-config@3.1.4", "", { "dependencies": { "lilconfig": "^2.0.5", "yaml": "^1.10.2" } }, "sha512-6DiM4E7v4coTE4uzA8U//WhtPwyhiim3eyjEMFCnUpzbrkK9wJHgKDT2mR+HbtSrd/NubVaYTOpSpjUl8NQeRg=="],

    "postcss-nested": ["postcss-nested@5.0.6", "", { "dependencies": { "postcss-selector-parser": "^6.0.6" } }, "sha512-rKqm2Fk0KbA8Vt3AdGN0FB9OBOMDVajMG6ZCf/GoHgdxUJ4sBFp0A/uMIRm+MJUdo33YXEtjqIz8u7DAp8B7DA=="],

    "postcss-selector-parser": ["postcss-selector-parser@6.0.10", "", { "dependencies": { "cssesc": "^3.0.0", "util-deprecate": "^1.0.2" } }, "sha512-IQ7TZdoaqbT+LCpShg46jnZVlhWD2w6iQYAcYXfHARZ7X1t/UGhhceQDs5X0cGqKvYlHNOuv7Oa1xmb0oQuA3w=="],

    "postcss-value-parser": ["postcss-value-parser@4.2.0", "", {}, "sha512-1NNCs6uurfkVbeXG4S8JFT9t19m45ICnif8zWLd5oPSZ50QnwMfK+H3jv408d4jw/7Bttv5axS5IiHoLaVNHeQ=="],

    "prettier": ["prettier@2.7.1", "", { "bin": { "prettier": "bin-prettier.js" } }, "sha512-ujppO+MkdPqoVINuDFDRLClm7D78qbDt0/NR+wp5FqEZOoTNAjPHWj17QRhu7geIHJfcNhRk1XVQmF8Bp3ye+g=="],

    "qrcode": ["qrcode@1.5.1", "", { "dependencies": { "dijkstrajs": "^1.0.1", "encode-utf8": "^1.0.3", "pngjs": "^5.0.0", "yargs": "^15.3.1" }, "bin": { "qrcode": "bin/qrcode" } }, "sha512-nS8NJ1Z3md8uTjKtP+SGGhfqmTCs5flU/xR623oI0JX+Wepz9R8UrRVCTBTJm3qGw3rH6jJ6MUHjkDx15cxSSg=="],

    "qrcode-terminal": ["qrcode-terminal@0.12.0", "", { "bin": { "qrcode-terminal": "./bin/qrcode-terminal.js" } }, "sha512-EXtzRZmC+YGmGlDFbXKxQiMZNwCLEO6BANKXG4iCtSIM0yqc/pappSx3RIKr4r0uh5JsBckOXeKrB3Iz7mdQpQ=="],

    "queue-microtask": ["queue-microtask@1.2.3", "", {}, "sha512-NuaNSa6flKT5JaSYQzJok04JzTL1CA6aGhv5rfLW3PgqA+M2ChpZQnAC8h8i4ZFkBS8X5RqkDBHA7r4hej3K9A=="],

    "quick-lru": ["quick-lru@5.1.1", "", {}, "sha512-WuyALRjWPDGtt/wzJiadO5AXY+8hZ80hVpe6MyivgraREW751X3SbhRvG3eLKOYN+8VEvqLcf3wdnt44Z4S4SA=="],

    "read-cache": ["read-cache@1.0.0", "", { "dependencies": { "pify": "^2.3.0" } }, "sha512-Owdv/Ft7IjOgm/i0xvNDZ1LrRANRfew4b2prF3OWMQLxLfu3bS8FVhCsrSCMK4lR56Y9ya+AThoTpDCTxCmpRA=="],

    "readdirp": ["readdirp@3.6.0", "", { "dependencies": { "picomatch": "^2.2.1" } }, "sha512-hOS089on8RduqdbhvQ5Z37A0ESjsqz6qnRcffsMU3495FuTdqSm+7bhJ29JvIOsBDEEnan5DPu9t3To9VRlMzA=="],

    "require-directory": ["require-directory@2.1.1", "", {}, "sha512-fGxEI7+wsG9xrvdjsrlmL22OMTTiHRwAMroiEeMgq8gzoLC/PQr7RsRDSTLUg/bZAZtF+TVIkHc6/4RIKrui+Q=="],

    "require-main-filename": ["require-main-filename@2.0.0", "", {}, "sha512-NKN5kMDylKuldxYLSUfrbo5Tuzh4hd+2E8NPPX02mZtn1VuREQToYe/ZdlJy+J3uCpfaiGF05e7B8W0iXbQHmg=="],

    "resolve": ["resolve@1.22.1", "", { "dependencies": { "is-core-module": "^2.9.0", "path-parse": "^1.0.7", "supports-preserve-symlinks-flag": "^1.0.0" }, "bin": { "resolve": "bin/resolve" } }, "sha512-nBpuuYuY5jFsli/JIs1oldw6fOQCBioohqWZg/2hiaOybXOft4lonv85uDOKXdf8rhyK159cxU5cDcK/NKk8zw=="],

    "reusify": ["reusify@1.0.4", "", {}, "sha512-U9nH88a3fc/ekCF1l0/UP1IosiuIjyTh7hBvXVMHYgVcfGvt897Xguj2UOLDeI5BG2m7/uwyaLVT6fbtCwTyzw=="],

    "revue-components": ["revue-components@1.3.24", "", {}, "sha512-SkZNm0vZYdVlM3Pia0TX0s9NCLcs0cqnMNDbHNv0veuJG+76m7inviY4vGHmZYOcVjKvCVCCJRkAnCMrJRI33Q=="],

    "rollup": ["rollup@2.77.3", "", { "optionalDependencies": { "fsevents": "~2.3.2" }, "bin": { "rollup": "dist/bin/rollup" } }, "sha512-/qxNTG7FbmefJWoeeYJFbHehJ2HNWnjkAFRKzWN/45eNBBF/r8lo992CwcJXEzyVxs5FmfId+vTSTQDb+bxA+g=="],

    "run-parallel": ["run-parallel@1.2.0", "", { "dependencies": { "queue-microtask": "^1.2.2" } }, "sha512-5l4VyZR86LZ/lDxZTR6jqL8AFE2S0IFLMP26AbjsLVADxHdhB/c0GUsH+y39UfCi3dzz8OlQuPmnaJOMoDHQBA=="],

    "sass": ["sass@1.54.4", "", { "dependencies": { "chokidar": ">=3.0.0 <4.0.0", "immutable": "^4.0.0", "source-map-js": ">=0.6.2 <2.0.0" }, "bin": { "sass": "sass.js" } }, "sha512-3tmF16yvnBwtlPrNBHw/H907j8MlOX8aTBnlNX1yrKx24RKcJGPyLhFUwkoKBKesR3unP93/2z14Ll8NicwQUA=="],

    "semver": ["semver@7.3.7", "", { "dependencies": { "lru-cache": "^6.0.0" }, "bin": { "semver": "bin/semver.js" } }, "sha512-QlYTucUYOews+WeEujDoEGziz4K6c47V/Bd+LjSSYcA94p+DmINdf7ncaUinThfvZyu13lN9OY1XDxt8C0Tw0g=="],

    "set-blocking": ["set-blocking@2.0.0", "", {}, "sha512-KiKBS8AnWGEyLzofFfmvKwpdPzqiy16LvQfK3yv/fVH7Bj13/wl3JSR1J+rfgRE9q7xUJK4qvgS8raSOeLUehw=="],

    "source-map": ["source-map@0.6.1", "", {}, "sha512-UjgapumWlbMhkBgzT7Ykc5YXUT46F0iKu8SGXq0bcwP5dz/h0Plj6enJqjz1Zbq2l5WaqYnrVbwWOWMyF3F47g=="],

    "source-map-js": ["source-map-js@1.0.2", "", {}, "sha512-R0XvVJ9WusLiqTCEiGCmICCMplcCkIwwR11mOSD9CR5u+IXYdiseeEuXCVAjS54zqwkLcPNnmU4OeJ6tUrWhDw=="],

    "sourcemap-codec": ["sourcemap-codec@1.4.8", "", {}, "sha512-9NykojV5Uih4lgo5So5dtw+f0JgJX30KCNI8gwhz2J9A15wD0Ml6tjHKwf6fTSa6fAdVBdZeNOs9eJ71qCk8vA=="],

    "string-width": ["string-width@4.2.3", "", { "dependencies": { "emoji-regex": "^8.0.0", "is-fullwidth-code-point": "^3.0.0", "strip-ansi": "^6.0.1" } }, "sha512-wKyQRQpjJ0sIp62ErSZdGsjMJWsap5oRNihHhu6G7JVO/9jIB6UyevL+tXuOqrng8j/cxKTWyWUwvSTriiZz/g=="],

    "strip-ansi": ["strip-ansi@6.0.1", "", { "dependencies": { "ansi-regex": "^5.0.1" } }, "sha512-Y38VPSHcqkFrCpFnQ9vuSXmquuv5oXOKpGeT6aGrr3o3Gc9AlVa6JBfUSOCnbxGGZF+/0ooI7KrPuUSztUdU5A=="],

    "supports-color": ["supports-color@7.2.0", "", { "dependencies": { "has-flag": "^4.0.0" } }, "sha512-qpCAvRl9stuOHveKsn7HncJRvv501qIacKzQlO/+Lwxc9+0q2wLyv4Dfvt80/DPn2pqOBsJdDiogXGR9+OvwRw=="],

    "supports-preserve-symlinks-flag": ["supports-preserve-symlinks-flag@1.0.0", "", {}, "sha512-ot0WnXS9fgdkgIcePe6RHNk1WA8+muPa6cSjeR3V8K27q9BB1rTE3R1p7Hv0z1ZyAc8s6Vvv8DIyWf681MAt0w=="],

    "tailwindcss": ["tailwindcss@3.1.8", "", { "dependencies": { "arg": "^5.0.2", "chokidar": "^3.5.3", "color-name": "^1.1.4", "detective": "^5.2.1", "didyoumean": "^1.2.2", "dlv": "^1.1.3", "fast-glob": "^3.2.11", "glob-parent": "^6.0.2", "is-glob": "^4.0.3", "lilconfig": "^2.0.6", "normalize-path": "^3.0.0", "object-hash": "^3.0.0", "picocolors": "^1.0.0", "postcss": "^8.4.14", "postcss-import": "^14.1.0", "postcss-js": "^4.0.0", "postcss-load-config": "^3.1.4", "postcss-nested": "5.0.6", "postcss-selector-parser": "^6.0.10", "postcss-value-parser": "^4.2.0", "quick-lru": "^5.1.1", "resolve": "^1.22.1" }, "bin": { "tailwind": "lib/cli.js", "tailwindcss": "lib/cli.js" } }, "sha512-YSneUCZSFDYMwk+TGq8qYFdCA3yfBRdBlS7txSq0LUmzyeqRe3a8fBQzbz9M3WS/iFT4BNf/nmw9mEzrnSaC0g=="],

    "text-segmentation": ["text-segmentation@1.0.3", "", { "dependencies": { "utrie": "^1.0.2" } }, "sha512-iOiPUo/BGnZ6+54OsWxZidGCsdU8YbE4PSpdPinp7DeMtUJNJBoJ/ouUSTJjHkh1KntHaltHl/gDs2FC4i5+Nw=="],

    "to-regex-range": ["to-regex-range@5.0.1", "", { "dependencies": { "is-number": "^7.0.0" } }, "sha512-65P7iz6X5yEr1cwcgvQxbbIw7Uk3gOy5dIdtZ4rDveLqhrdJP+Li/Hx6tyK0NEb+2GCyneCMJiGqrADCSNk8sQ=="],

    "typescript": ["typescript@4.7.4", "", { "bin": { "tsc": "bin/tsc", "tsserver": "bin/tsserver" } }, "sha512-C0WQT0gezHuw6AdY1M2jxUO83Rjf0HP7Sk1DtXj6j1EwkQNZrHAg2XPWlq62oqEhYvONq5pkC2Y9oPljWToLmQ=="],

    "update-browserslist-db": ["update-browserslist-db@1.0.5", "", { "dependencies": { "escalade": "^3.1.1", "picocolors": "^1.0.0" }, "bin": { "browserslist-lint": "cli.js" } }, "sha512-dteFFpCyvuDdr9S/ff1ISkKt/9YZxKjI9WlRR99c180GaztJtRa/fn18FdxGVKVsnPY7/a/FDN68mcvUmP4U7Q=="],

    "util-deprecate": ["util-deprecate@1.0.2", "", {}, "sha1-RQ1Nyfpw3nMnYvvS1KKJgUGaDM8="],

    "utrie": ["utrie@1.0.2", "", { "dependencies": { "base64-arraybuffer": "^1.0.2" } }, "sha512-1MLa5ouZiOmQzUbjbu9VmjLzn1QLXBhwpUa7kdLUQK+KQ5KA9I1vk5U4YHe/X2Ch7PYnJfWuWT+VbuxbGwljhw=="],

    "vite": ["vite@3.0.5", "", { "dependencies": { "esbuild": "^0.14.47", "postcss": "^8.4.16", "resolve": "^1.22.1", "rollup": "^2.75.6" }, "optionalDependencies": { "fsevents": "~2.3.2" }, "bin": { "vite": "bin/vite.js" } }, "sha512-bRvrt9Tw8EGW4jj64aYFTnVg134E8hgDxyl/eEHnxiGqYk7/pTPss6CWlurqPOUzqvEoZkZ58Ws+Iu8MB87iMA=="],

    "vite-plugin-ejs": ["vite-plugin-ejs@1.5.0", "", { "dependencies": { "ejs": "^3.1.8" } }, "sha512-ws49Kv9kvwaqfBlbfs2ZJEI2i06z2q6gKmtl6oSEsnJ0NgNUenMK8iHCZ+m+zI9I4XZ2Y+czbFI5HnJCBY+w0g=="],

    "vite-plugin-qrcode": ["vite-plugin-qrcode@0.2.0", "", { "dependencies": { "qrcode-terminal": "^0.12.0" } }, "sha512-R+0gK9BbYjxLXc9rQd3Y+6EME9QK/HMYdDd28+PZ+qisqS8/yhmZJuFshk+RmA9fP2YYu8u2yS5u+TvbsY5PFw=="],

    "vue": ["vue@3.2.37", "", { "dependencies": { "@vue/compiler-dom": "3.2.37", "@vue/compiler-sfc": "3.2.37", "@vue/runtime-dom": "3.2.37", "@vue/server-renderer": "3.2.37", "@vue/shared": "3.2.37" } }, "sha512-bOKEZxrm8Eh+fveCqS1/NkG/n6aMidsI6hahas7pa0w/l7jkbssJVsRhVDs07IdDq7h9KHswZOgItnwJAgtVtQ=="],

    "vue-demi": ["vue-demi@0.13.7", "", { "bin": { "vue-demi-fix": "bin/vue-demi-fix.js", "vue-demi-switch": "bin/vue-demi-switch.js" } }, "sha512-hbhlvpx1gFW3TB5HxJ0mNxyA9Jh5iQt409taOs6zkhpvfJ7YzLs1rsLufJmDsjH5PI1cOyfikY1fE/meyHfU5A=="],

    "vue-router": ["vue-router@4.1.3", "", { "dependencies": { "@vue/devtools-api": "^6.1.4" } }, "sha512-XvK81bcYglKiayT7/vYAg/f36ExPC4t90R/HIpzrZ5x+17BOWptXLCrEPufGgZeuq68ww4ekSIMBZY1qdUdfjA=="],

    "vue-tsc": ["vue-tsc@0.40.1", "", { "dependencies": { "@volar/vue-language-core": "0.40.1", "@volar/vue-typescript": "0.40.1" }, "bin": { "vue-tsc": "bin/vue-tsc.js" } }, "sha512-Z+3rlp/6TrtKvLuaFYwBn03zrdinMR6lBb3mWBJtDA+KwlRu+I4eMoqC1qT9D7i/29u0Bw58dH7ErjMpNLN9bQ=="],

    "which-module": ["which-module@2.0.0", "", {}, "sha512-B+enWhmw6cjfVC7kS8Pj9pCrKSc5txArRyaYGe088shv/FGWH+0Rjx/xPgtsWfsUtS27FkP697E4DDhgrgoc0Q=="],

    "wrap-ansi": ["wrap-ansi@6.2.0", "", { "dependencies": { "ansi-styles": "^4.0.0", "string-width": "^4.1.0", "strip-ansi": "^6.0.0" } }, "sha512-r6lPcBGxZXlIcymEu7InxDMhdW0KDxpLgoFLcguasxCaJ/SOIZwINatK9KY/tf+ZrlywOKU0UDj3ATXUBfxJXA=="],

    "xtend": ["xtend@4.0.2", "", {}, "sha512-LKYU1iAXJXUgAXn9URjiu+MWhyUXHsvfp7mcuYm9dSUKK0/CjtrUwFAxD82/mCWbtLsGjFIad0wIsod4zrTAEQ=="],

    "y18n": ["y18n@4.0.3", "", {}, "sha512-JKhqTOwSrqNA1NY5lSztJ1GrBiUodLMmIZuLiDaMRJ+itFd+ABVE8XBjOvIWL+rSqNDC74LCSFmlb/U4UZ4hJQ=="],

    "yallist": ["yallist@4.0.0", "", {}, "sha512-3wdGidZyq5PB084XLES5TpOSRA3wjXAlIWMhum2kRcv/41Sn2emQ0dycQW4uZXLejwKvg6EsvbdlVL+FYEct7A=="],

    "yaml": ["yaml@1.10.2", "", {}, "sha512-r3vXyErRCYJ7wg28yvBY5VSoAF8ZvlcW9/BwUzEtUsjvX/DKs24dIkuwjtuprwJJHsbyUbLApepYTR1BN4uHrg=="],

    "yargs": ["yargs@15.4.1", "", { "dependencies": { "cliui": "^6.0.0", "decamelize": "^1.2.0", "find-up": "^4.1.0", "get-caller-file": "^2.0.1", "require-directory": "^2.1.1", "require-main-filename": "^2.0.0", "set-blocking": "^2.0.0", "string-width": "^4.2.0", "which-module": "^2.0.0", "y18n": "^4.0.0", "yargs-parser": "^18.1.2" } }, "sha512-aePbxDmcYW++PaqBsJ+HYUFwCdv4LVvdnhBy78E57PIor8/OVvhMrADFFEDh8DHDFRv/O9i3lPhsENjO7QX0+A=="],

    "yargs-parser": ["yargs-parser@18.1.3", "", { "dependencies": { "camelcase": "^5.0.0", "decamelize": "^1.2.0" } }, "sha512-o50j0JeToy/4K6OZcaQmW6lyXXKhq7csREXcDwk2omFPJEwUNOVtJKvmDr9EI1fAJZUyZcRF7kxGBWmRXudrCQ=="],

    "@types/qrcode/@types/node": ["@types/node@18.7.2", "", {}, "sha512-ce7MIiaYWCFv6A83oEultwhBXb22fxwNOQf5DIxWA4WXvDQ7K+L0fbWl/YOfCzlR5B/uFkSnVBhPcOfOECcWvA=="],

    "@vue/compiler-sfc/postcss": ["postcss@8.2.10", "", { "dependencies": { "colorette": "^1.2.2", "nanoid": "^3.1.22", "source-map": "^0.6.1" } }, "sha512-b/h7CPV7QEdrqIxtAf2j31U5ef05uBDuvoXv6L51Q4rcS1jdlXAVKJv+atCFdUXYl9dyTHGyoMzIepwowRJjFw=="],

    "chokidar/glob-parent": ["glob-parent@5.1.2", "", { "dependencies": { "is-glob": "^4.0.1" } }, "sha512-AOIgSQCepiJYwP3ARnGx+5VnTu2HBYdzbGP45eLw1vr3zB3vZLeyed1sC9hnbcOc9/SrMyM5RPQrkGz4aS9Zow=="],

    "chokidar/is-glob": ["is-glob@4.0.1", "", { "dependencies": { "is-extglob": "^2.1.1" } }, "sha512-5G0tKtBTFImOqDnLB2hG6Bp2qcKEFduo4tZu9MT/H6NQv/ghhy30o55ufafxJ/LdH79LLs2Kfrn85TLKyA7BUg=="],

    "fast-glob/glob-parent": ["glob-parent@5.1.2", "", { "dependencies": { "is-glob": "^4.0.1" } }, "sha512-AOIgSQCepiJYwP3ARnGx+5VnTu2HBYdzbGP45eLw1vr3zB3vZLeyed1sC9hnbcOc9/SrMyM5RPQrkGz4aS9Zow=="],

    "postcss-nested/postcss-selector-parser": ["postcss-selector-parser@6.0.6", "", { "dependencies": { "cssesc": "^3.0.0", "util-deprecate": "^1.0.2" } }, "sha512-9LXrvaaX3+mcv5xkg5kFwqSzSH1JIObIx51PrndZwlmznwXRfxMddDvo9gve3gVR8ZTKgoFDdWkbRFmEhT4PMg=="],

    "vite/esbuild": ["esbuild@0.14.54", "", { "optionalDependencies": { "@esbuild/linux-loong64": "0.14.54", "esbuild-android-64": "0.14.54", "esbuild-android-arm64": "0.14.54", "esbuild-darwin-64": "0.14.54", "esbuild-darwin-arm64": "0.14.54", "esbuild-freebsd-64": "0.14.54", "esbuild-freebsd-arm64": "0.14.54", "esbuild-linux-32": "0.14.54", "esbuild-linux-64": "0.14.54", "esbuild-linux-arm": "0.14.54", "esbuild-linux-arm64": "0.14.54", "esbuild-linux-mips64le": "0.14.54", "esbuild-linux-ppc64le": "0.14.54", "esbuild-linux-riscv64": "0.14.54", "esbuild-linux-s390x": "0.14.54", "esbuild-netbsd-64": "0.14.54", "esbuild-openbsd-64": "0.14.54", "esbuild-sunos-64": "0.14.54", "esbuild-windows-32": "0.14.54", "esbuild-windows-64": "0.14.54", "esbuild-windows-arm64": "0.14.54" }, "bin": { "esbuild": "bin/esbuild" } }, "sha512-Cy9llcy8DvET5uznocPyqL3BFRrFXSVqbgpMJ9Wz8oVjZlh/zUSNbPRbov0VX7VxN2JH1Oa0uNxZ7eLRb62pJA=="],

    "@vue/compiler-sfc/postcss/nanoid": ["nanoid@3.1.22", "", { "bin": { "nanoid": "bin/nanoid.cjs" } }, "sha512-/2ZUaJX2ANuLtTvqTlgqBQNJoQO398KyJgZloL0PZkC0dpysjncRUPsFe3DUPzz/y3h+u7C46np8RMuvF3jsSQ=="],

    "fast-glob/glob-parent/is-glob": ["is-glob@4.0.1", "", { "dependencies": { "is-extglob": "^2.1.1" } }, "sha512-5G0tKtBTFImOqDnLB2hG6Bp2qcKEFduo4tZu9MT/H6NQv/ghhy30o55ufafxJ/LdH79LLs2Kfrn85TLKyA7BUg=="],

    "vite/esbuild/@esbuild/linux-loong64": ["@esbuild/linux-loong64@0.14.54", "", { "os": "linux", "cpu": "none" }, "sha512-bZBrLAIX1kpWelV0XemxBZllyRmM6vgFQQG2GdNb+r3Fkp0FOh1NJSvekXDs7jq70k4euu1cryLMfU+mTXlEpw=="],

    "vite/esbuild/esbuild-android-64": ["esbuild-android-64@0.14.54", "", { "os": "android", "cpu": "x64" }, "sha512-Tz2++Aqqz0rJ7kYBfz+iqyE3QMycD4vk7LBRyWaAVFgFtQ/O8EJOnVmTOiDWYZ/uYzB4kvP+bqejYdVKzE5lAQ=="],

    "vite/esbuild/esbuild-android-arm64": ["esbuild-android-arm64@0.14.54", "", { "os": "android", "cpu": "arm64" }, "sha512-F9E+/QDi9sSkLaClO8SOV6etqPd+5DgJje1F9lOWoNncDdOBL2YF59IhsWATSt0TLZbYCf3pNlTHvVV5VfHdvg=="],

    "vite/esbuild/esbuild-darwin-64": ["esbuild-darwin-64@0.14.54", "", { "os": "darwin", "cpu": "x64" }, "sha512-jtdKWV3nBviOd5v4hOpkVmpxsBy90CGzebpbO9beiqUYVMBtSc0AL9zGftFuBon7PNDcdvNCEuQqw2x0wP9yug=="],

    "vite/esbuild/esbuild-darwin-arm64": ["esbuild-darwin-arm64@0.14.54", "", { "os": "darwin", "cpu": "arm64" }, "sha512-OPafJHD2oUPyvJMrsCvDGkRrVCar5aVyHfWGQzY1dWnzErjrDuSETxwA2HSsyg2jORLY8yBfzc1MIpUkXlctmw=="],

    "vite/esbuild/esbuild-freebsd-64": ["esbuild-freebsd-64@0.14.54", "", { "os": "freebsd", "cpu": "x64" }, "sha512-OKwd4gmwHqOTp4mOGZKe/XUlbDJ4Q9TjX0hMPIDBUWWu/kwhBAudJdBoxnjNf9ocIB6GN6CPowYpR/hRCbSYAg=="],

    "vite/esbuild/esbuild-freebsd-arm64": ["esbuild-freebsd-arm64@0.14.54", "", { "os": "freebsd", "cpu": "arm64" }, "sha512-sFwueGr7OvIFiQT6WeG0jRLjkjdqWWSrfbVwZp8iMP+8UHEHRBvlaxL6IuKNDwAozNUmbb8nIMXa7oAOARGs1Q=="],

    "vite/esbuild/esbuild-linux-32": ["esbuild-linux-32@0.14.54", "", { "os": "linux", "cpu": "ia32" }, "sha512-1ZuY+JDI//WmklKlBgJnglpUL1owm2OX+8E1syCD6UAxcMM/XoWd76OHSjl/0MR0LisSAXDqgjT3uJqT67O3qw=="],

    "vite/esbuild/esbuild-linux-64": ["esbuild-linux-64@0.14.54", "", { "os": "linux", "cpu": "x64" }, "sha512-EgjAgH5HwTbtNsTqQOXWApBaPVdDn7XcK+/PtJwZLT1UmpLoznPd8c5CxqsH2dQK3j05YsB3L17T8vE7cp4cCg=="],

    "vite/esbuild/esbuild-linux-arm": ["esbuild-linux-arm@0.14.54", "", { "os": "linux", "cpu": "arm" }, "sha512-qqz/SjemQhVMTnvcLGoLOdFpCYbz4v4fUo+TfsWG+1aOu70/80RV6bgNpR2JCrppV2moUQkww+6bWxXRL9YMGw=="],

    "vite/esbuild/esbuild-linux-arm64": ["esbuild-linux-arm64@0.14.54", "", { "os": "linux", "cpu": "arm64" }, "sha512-WL71L+0Rwv+Gv/HTmxTEmpv0UgmxYa5ftZILVi2QmZBgX3q7+tDeOQNqGtdXSdsL8TQi1vIaVFHUPDe0O0kdig=="],

    "vite/esbuild/esbuild-linux-mips64le": ["esbuild-linux-mips64le@0.14.54", "", { "os": "linux", "cpu": "none" }, "sha512-qTHGQB8D1etd0u1+sB6p0ikLKRVuCWhYQhAHRPkO+OF3I/iSlTKNNS0Lh2Oc0g0UFGguaFZZiPJdJey3AGpAlw=="],

    "vite/esbuild/esbuild-linux-ppc64le": ["esbuild-linux-ppc64le@0.14.54", "", { "os": "linux", "cpu": "ppc64" }, "sha512-j3OMlzHiqwZBDPRCDFKcx595XVfOfOnv68Ax3U4UKZ3MTYQB5Yz3X1mn5GnodEVYzhtZgxEBidLWeIs8FDSfrQ=="],

    "vite/esbuild/esbuild-linux-riscv64": ["esbuild-linux-riscv64@0.14.54", "", { "os": "linux", "cpu": "none" }, "sha512-y7Vt7Wl9dkOGZjxQZnDAqqn+XOqFD7IMWiewY5SPlNlzMX39ocPQlOaoxvT4FllA5viyV26/QzHtvTjVNOxHZg=="],

    "vite/esbuild/esbuild-linux-s390x": ["esbuild-linux-s390x@0.14.54", "", { "os": "linux", "cpu": "s390x" }, "sha512-zaHpW9dziAsi7lRcyV4r8dhfG1qBidQWUXweUjnw+lliChJqQr+6XD71K41oEIC3Mx1KStovEmlzm+MkGZHnHA=="],

    "vite/esbuild/esbuild-netbsd-64": ["esbuild-netbsd-64@0.14.54", "", { "os": "none", "cpu": "x64" }, "sha512-PR01lmIMnfJTgeU9VJTDY9ZerDWVFIUzAtJuDHwwceppW7cQWjBBqP48NdeRtoP04/AtO9a7w3viI+PIDr6d+w=="],

    "vite/esbuild/esbuild-openbsd-64": ["esbuild-openbsd-64@0.14.54", "", { "os": "openbsd", "cpu": "x64" }, "sha512-Qyk7ikT2o7Wu76UsvvDS5q0amJvmRzDyVlL0qf5VLsLchjCa1+IAvd8kTBgUxD7VBUUVgItLkk609ZHUc1oCaw=="],

    "vite/esbuild/esbuild-sunos-64": ["esbuild-sunos-64@0.14.54", "", { "os": "sunos", "cpu": "x64" }, "sha512-28GZ24KmMSeKi5ueWzMcco6EBHStL3B6ubM7M51RmPwXQGLe0teBGJocmWhgwccA1GeFXqxzILIxXpHbl9Q/Kw=="],

    "vite/esbuild/esbuild-windows-32": ["esbuild-windows-32@0.14.54", "", { "os": "win32", "cpu": "ia32" }, "sha512-T+rdZW19ql9MjS7pixmZYVObd9G7kcaZo+sETqNH4RCkuuYSuv9AGHUVnPoP9hhuE1WM1ZimHz1CIBHBboLU7w=="],

    "vite/esbuild/esbuild-windows-64": ["esbuild-windows-64@0.14.54", "", { "os": "win32", "cpu": "x64" }, "sha512-AoHTRBUuYwXtZhjXZbA1pGfTo8cJo3vZIcWGLiUcTNgHpJJMC1rVA44ZereBHMJtotyN71S8Qw0npiCIkW96cQ=="],

    "vite/esbuild/esbuild-windows-arm64": ["esbuild-windows-arm64@0.14.54", "", { "os": "win32", "cpu": "arm64" }, "sha512-M0kuUvXhot1zOISQGXwWn6YtS+Y/1RT9WrVIOywZnJHo3jCDyewAc79aKNQWFCQm+xNHVTq9h8dZKvygoXQQRg=="],
  }
}
